<?xml version="1.0" encoding="utf-8"?>
<Project ToolsVersion="4.0" xmlns="http://schemas.microsoft.com/developer/msbuild/2003">
  <ItemGroup>
    <Filter Include="system">
      <UniqueIdentifier>{22dd8095-74f9-46df-81a1-36675a040b1f}</UniqueIdentifier>
    </Filter>
    <Filter Include="Player">
      <UniqueIdentifier>{c63d1769-cb6c-4e95-a84f-d9d00e512c2c}</UniqueIdentifier>
    </Filter>
    <Filter Include="Player\PlayerState">
      <UniqueIdentifier>{b2d79ccd-fc14-4e5a-9a1c-b0832d1330bf}</UniqueIdentifier>
    </Filter>
    <Filter Include="Enemy">
      <UniqueIdentifier>{986977ac-5954-4d38-80db-1bdab57236a9}</UniqueIdentifier>
    </Filter>
    <Filter Include="Enemy\EnemyState">
      <UniqueIdentifier>{616a2812-1b39-4ca7-b4e3-8a65ce3762b1}</UniqueIdentifier>
    </Filter>
  </ItemGroup>
  <ItemGroup>
    <ClCompile Include="stdafx.cpp" />
    <ClCompile Include="main.cpp" />
    <ClCompile Include="system\system.cpp">
      <Filter>system</Filter>
    </ClCompile>
    <ClCompile Include="Game.cpp" />
    <ClCompile Include="BackGround.cpp" />
    <ClCompile Include="Player.cpp">
      <Filter>Player</Filter>
    </ClCompile>
    <ClCompile Include="IPlayerState.cpp">
      <Filter>Player\PlayerState</Filter>
    </ClCompile>
    <ClCompile Include="PlayerStateIdle.cpp">
      <Filter>Player\PlayerState</Filter>
    </ClCompile>
    <ClCompile Include="PlayerStateWalk.cpp">
      <Filter>Player\PlayerState</Filter>
    </ClCompile>
    <ClCompile Include="GameCamera.cpp" />
    <ClCompile Include="PlayerStateManager.cpp">
      <Filter>Player\PlayerState</Filter>
    </ClCompile>
    <ClCompile Include="PlayerStateGuard.cpp">
      <Filter>Player\PlayerState</Filter>
    </ClCompile>
    <ClCompile Include="PlayerStateAttack.cpp">
      <Filter>Player\PlayerState</Filter>
    </ClCompile>
    <ClCompile Include="PlayerStateDodge.cpp">
      <Filter>Player\PlayerState</Filter>
    </ClCompile>
    <ClCompile Include="Enemy.cpp">
      <Filter>Enemy</Filter>
    </ClCompile>
    <ClCompile Include="IEnemyState.cpp">
      <Filter>Enemy\EnemyState</Filter>
    </ClCompile>
    <ClCompile Include="EnemyStateManager.cpp">
      <Filter>Enemy\EnemyState</Filter>
    </ClCompile>
    <ClCompile Include="EnemyStateIdle.cpp">
      <Filter>Enemy\EnemyState</Filter>
    </ClCompile>
    <ClCompile Include="EnemyStateWaitAndSee.cpp">
      <Filter>Enemy\EnemyState</Filter>
    </ClCompile>
    <ClCompile Include="EnemyStateAttackPrepare.cpp">
      <Filter>Enemy\EnemyState</Filter>
    </ClCompile>
    <ClCompile Include="EnemyStateJumpSlash.cpp">
      <Filter>Enemy\EnemyState</Filter>
    </ClCompile>
    <ClCompile Include="EnemyStateSideSlash.cpp">
      <Filter>Enemy\EnemyState</Filter>
    </ClCompile>
    <ClCompile Include="PlayerStateReceiveDamage.cpp">
      <Filter>Player\PlayerState</Filter>
    </ClCompile>
    <ClCompile Include="PlayerStateJastDodge.cpp" />
  </ItemGroup>
  <ItemGroup>
    <ClInclude Include="stdafx.h" />
    <ClInclude Include="system\system.h">
      <Filter>system</Filter>
    </ClInclude>
    <ClInclude Include="Game.h" />
    <ClInclude Include="BackGround.h" />
    <ClInclude Include="Player.h">
      <Filter>Player</Filter>
    </ClInclude>
    <ClInclude Include="IPlayerState.h">
      <Filter>Player\PlayerState</Filter>
    </ClInclude>
    <ClInclude Include="PlayerStateIdle.h">
      <Filter>Player\PlayerState</Filter>
    </ClInclude>
    <ClInclude Include="PlayerStateWalk.h">
      <Filter>Player\PlayerState</Filter>
    </ClInclude>
    <ClInclude Include="GameCamera.h" />
    <ClInclude Include="PlayerStateManager.h">
      <Filter>Player\PlayerState</Filter>
    </ClInclude>
    <ClInclude Include="PlayerStateGuard.h">
      <Filter>Player\PlayerState</Filter>
    </ClInclude>
    <ClInclude Include="PlayerStateAttack.h">
      <Filter>Player\PlayerState</Filter>
    </ClInclude>
    <ClInclude Include="PlayerStateDodge.h">
      <Filter>Player\PlayerState</Filter>
    </ClInclude>
    <ClInclude Include="Enemy.h">
      <Filter>Enemy</Filter>
    </ClInclude>
    <ClInclude Include="IEnemyState.h">
      <Filter>Enemy\EnemyState</Filter>
    </ClInclude>
    <ClInclude Include="EnPlayerState.h">
      <Filter>Player\PlayerState</Filter>
    </ClInclude>
    <ClInclude Include="resource.h" />
    <ClInclude Include="EnEnemyState.h">
      <Filter>Enemy\EnemyState</Filter>
    </ClInclude>
    <ClInclude Include="EnemyStateManager.h">
      <Filter>Enemy\EnemyState</Filter>
    </ClInclude>
    <ClInclude Include="EnemyStateIdle.h">
      <Filter>Enemy\EnemyState</Filter>
    </ClInclude>
    <ClInclude Include="EnemyStateWaitAndSee.h">
      <Filter>Enemy\EnemyState</Filter>
    </ClInclude>
    <ClInclude Include="EnemyStateAttackPrepare.h">
      <Filter>Enemy\EnemyState</Filter>
    </ClInclude>
    <ClInclude Include="EnemyStateJumpSlash.h">
      <Filter>Enemy\EnemyState</Filter>
    </ClInclude>
    <ClInclude Include="EnemyParameter.h">
      <Filter>Enemy</Filter>
    </ClInclude>
    <ClInclude Include="EnemyStateSideSlash.h">
      <Filter>Enemy\EnemyState</Filter>
    </ClInclude>
    <ClInclude Include="PlayerStateReceiveDamage.h">
      <Filter>Player\PlayerState</Filter>
    </ClInclude>
    <ClInclude Include="PlayerStateJastDodge.h" />
  </ItemGroup>
</Project>